
Microsoft Visual Studio Solution File, Format Version 12.00
# Visual Studio Version 16
VisualStudioVersion = 16.0.31112.23
MinimumVisualStudioVersion = 10.0.40219.1
Project("{FAE04EC0-301F-11D3-BF4B-00C04F79EFBC}") = "Lab01", "Lab01\Lab01.csproj", "{CD88716F-1630-4C22-A305-2BAA8BB18A69}"
EndProject
Global
	GlobalSection(SolutionConfigurationPlatforms) = preSolution
		Debug|Any CPU = Debug|Any CPU
		Release|Any CPU = Release|Any CPU
	EndGlobalSection
	GlobalSection(ProjectConfigurationPlatforms) = postSolution
		{CD88716F-1630-4C22-A305-2BAA8BB18A69}.Debug|Any CPU.ActiveCfg = Debug|Any CPU
		{CD88716F-1630-4C22-A305-2BAA8BB18A69}.Debug|Any CPU.Build.0 = Debug|Any CPU
		{CD88716F-1630-4C22-A305-2BAA8BB18A69}.Release|Any CPU.ActiveCfg = Release|Any CPU
		{CD88716F-1630-4C22-A305-2BAA8BB18A69}.Release|Any CPU.Build.0 = Release|Any CPU
	EndGlobalSection
	GlobalSection(SolutionProperties) = preSolution
		HideSolutionNode = FALSE
	EndGlobalSection
	GlobalSection(ExtensibilityGlobals) = postSolution
		SolutionGuid = {CBC675B7-E363-4910-A3E2-AAAAB6AFD036}
	EndGlobalSection
EndGlobal
