
Microsoft Visual Studio Solution File, Format Version 12.00
# Visual Studio Version 17
VisualStudioVersion = 17.5.33502.453
MinimumVisualStudioVersion = 10.0.40219.1
Project("{FAE04EC0-301F-11D3-BF4B-00C04F79EFBC}") = "Lab01", "Lab01\Lab01.csproj", "{26384053-27DB-404A-A0AA-8C4BDD84FE88}"
EndProject
Global
	GlobalSection(SolutionConfigurationPlatforms) = preSolution
		Debug|Any CPU = Debug|Any CPU
		Release|Any CPU = Release|Any CPU
	EndGlobalSection
	GlobalSection(ProjectConfigurationPlatforms) = postSolution
		{26384053-27DB-404A-A0AA-8C4BDD84FE88}.Debug|Any CPU.ActiveCfg = Debug|Any CPU
		{26384053-27DB-404A-A0AA-8C4BDD84FE88}.Debug|Any CPU.Build.0 = Debug|Any CPU
		{26384053-27DB-404A-A0AA-8C4BDD84FE88}.Release|Any CPU.ActiveCfg = Release|Any CPU
		{26384053-27DB-404A-A0AA-8C4BDD84FE88}.Release|Any CPU.Build.0 = Release|Any CPU
	EndGlobalSection
	GlobalSection(SolutionProperties) = preSolution
		HideSolutionNode = FALSE
	EndGlobalSection
	GlobalSection(ExtensibilityGlobals) = postSolution
		SolutionGuid = {41505232-BCC5-48EE-B73B-383EF5D1CC8C}
	EndGlobalSection
EndGlobal
