
Microsoft Visual Studio Solution File, Format Version 12.00
# Visual Studio Version 17
VisualStudioVersion = 17.9.34714.143
MinimumVisualStudioVersion = 10.0.40219.1
Project("{FAE04EC0-301F-11D3-BF4B-00C04F79EFBC}") = "Unidad.1.Capitulo.1.Lab.1.Introduccion", "Unidad.1.Capitulo.1.Lab.1.Introduccion\Unidad.1.Capitulo.1.Lab.1.Introduccion.csproj", "{D4A2067F-79B0-43D9-B288-D31E77BF6541}"
EndProject
Global
	GlobalSection(SolutionConfigurationPlatforms) = preSolution
		Debug|Any CPU = Debug|Any CPU
		Release|Any CPU = Release|Any CPU
	EndGlobalSection
	GlobalSection(ProjectConfigurationPlatforms) = postSolution
		{D4A2067F-79B0-43D9-B288-D31E77BF6541}.Debug|Any CPU.ActiveCfg = Debug|Any CPU
		{D4A2067F-79B0-43D9-B288-D31E77BF6541}.Debug|Any CPU.Build.0 = Debug|Any CPU
		{D4A2067F-79B0-43D9-B288-D31E77BF6541}.Release|Any CPU.ActiveCfg = Release|Any CPU
		{D4A2067F-79B0-43D9-B288-D31E77BF6541}.Release|Any CPU.Build.0 = Release|Any CPU
	EndGlobalSection
	GlobalSection(SolutionProperties) = preSolution
		HideSolutionNode = FALSE
	EndGlobalSection
	GlobalSection(ExtensibilityGlobals) = postSolution
		SolutionGuid = {6B12ED6E-4D3B-4B8C-AF4E-2EF858CCE362}
	EndGlobalSection
EndGlobal
